
Microsoft Visual Studio Solution File, Format Version 12.00
# Visual Studio 15
VisualStudioVersion = 15.0.26228.9
MinimumVisualStudioVersion = 10.0.40219.1
Project("{FAE04EC0-301F-11D3-BF4B-00C04F79EFBC}") = "Robot", "Robot\Robot.csproj", "{CA150EE4-D47D-4F7B-89E8-602C1B45016F}"
EndProject
Project("{FAE04EC0-301F-11D3-BF4B-00C04F79EFBC}") = "RobotConsole", "RobotConsole\RobotConsole.csproj", "{EB56AF8D-F61A-4F57-942D-622134FE1413}"
EndProject
Project("{FAE04EC0-301F-11D3-BF4B-00C04F79EFBC}") = "LocalDataBase", "LocalDataBase\LocalDataBase.csproj", "{F1B34171-4126-496C-A303-26D5F998E04C}"
EndProject
Project("{FAE04EC0-301F-11D3-BF4B-00C04F79EFBC}") = "WpfConsoleTest", "WpfConsoleTest\WpfConsoleTest.csproj", "{55365118-B0E6-4E47-8D93-35666409CD2E}"
EndProject
Project("{FAE04EC0-301F-11D3-BF4B-00C04F79EFBC}") = "LocalDataBaseTests", "LocalDataBaseTests\LocalDataBaseTests.csproj", "{93EBC69C-F846-490B-9296-DA276E447619}"
EndProject
Project("{FAE04EC0-301F-11D3-BF4B-00C04F79EFBC}") = "RobotTests1", "RobotTests1\RobotTests1.csproj", "{15D4EBE5-D2B5-47D8-887E-813D19549563}"
EndProject
Project("{FAE04EC0-301F-11D3-BF4B-00C04F79EFBC}") = "LocalDataBase.Tests", "LocalDataBase.Tests\LocalDataBase.Tests.csproj", "{77E1A9B2-9174-4611-9206-2CA3C657D295}"
EndProject
Project("{FAE04EC0-301F-11D3-BF4B-00C04F79EFBC}") = "LocalDataBaseTests.Tests", "LocalDataBaseTests.Tests\LocalDataBaseTests.Tests.csproj", "{9AD03741-3385-421B-94F3-1ADD546E1F7F}"
EndProject
Project("{FAE04EC0-301F-11D3-BF4B-00C04F79EFBC}") = "LocalDataBase.Tests1", "LocalDataBase.Tests1\LocalDataBase.Tests1.csproj", "{45E09FCF-56C2-4E71-A43A-3551FACAF457}"
EndProject
Global
	GlobalSection(Performance) = preSolution
		HasPerformanceSessions = true
	EndGlobalSection
	GlobalSection(SolutionConfigurationPlatforms) = preSolution
		Debug|Any CPU = Debug|Any CPU
		Release|Any CPU = Release|Any CPU
	EndGlobalSection
	GlobalSection(ProjectConfigurationPlatforms) = postSolution
		{CA150EE4-D47D-4F7B-89E8-602C1B45016F}.Debug|Any CPU.ActiveCfg = Debug|Any CPU
		{CA150EE4-D47D-4F7B-89E8-602C1B45016F}.Debug|Any CPU.Build.0 = Debug|Any CPU
		{CA150EE4-D47D-4F7B-89E8-602C1B45016F}.Release|Any CPU.ActiveCfg = Release|Any CPU
		{CA150EE4-D47D-4F7B-89E8-602C1B45016F}.Release|Any CPU.Build.0 = Release|Any CPU
		{EB56AF8D-F61A-4F57-942D-622134FE1413}.Debug|Any CPU.ActiveCfg = Debug|Any CPU
		{EB56AF8D-F61A-4F57-942D-622134FE1413}.Debug|Any CPU.Build.0 = Debug|Any CPU
		{EB56AF8D-F61A-4F57-942D-622134FE1413}.Release|Any CPU.ActiveCfg = Release|Any CPU
		{EB56AF8D-F61A-4F57-942D-622134FE1413}.Release|Any CPU.Build.0 = Release|Any CPU
		{F1B34171-4126-496C-A303-26D5F998E04C}.Debug|Any CPU.ActiveCfg = Debug|Any CPU
		{F1B34171-4126-496C-A303-26D5F998E04C}.Debug|Any CPU.Build.0 = Debug|Any CPU
		{F1B34171-4126-496C-A303-26D5F998E04C}.Release|Any CPU.ActiveCfg = Release|Any CPU
		{F1B34171-4126-496C-A303-26D5F998E04C}.Release|Any CPU.Build.0 = Release|Any CPU
		{55365118-B0E6-4E47-8D93-35666409CD2E}.Debug|Any CPU.ActiveCfg = Debug|Any CPU
		{55365118-B0E6-4E47-8D93-35666409CD2E}.Debug|Any CPU.Build.0 = Debug|Any CPU
		{55365118-B0E6-4E47-8D93-35666409CD2E}.Release|Any CPU.ActiveCfg = Release|Any CPU
		{55365118-B0E6-4E47-8D93-35666409CD2E}.Release|Any CPU.Build.0 = Release|Any CPU
		{93EBC69C-F846-490B-9296-DA276E447619}.Debug|Any CPU.ActiveCfg = Debug|Any CPU
		{93EBC69C-F846-490B-9296-DA276E447619}.Debug|Any CPU.Build.0 = Debug|Any CPU
		{93EBC69C-F846-490B-9296-DA276E447619}.Release|Any CPU.ActiveCfg = Release|Any CPU
		{93EBC69C-F846-490B-9296-DA276E447619}.Release|Any CPU.Build.0 = Release|Any CPU
		{15D4EBE5-D2B5-47D8-887E-813D19549563}.Debug|Any CPU.ActiveCfg = Debug|Any CPU
		{15D4EBE5-D2B5-47D8-887E-813D19549563}.Debug|Any CPU.Build.0 = Debug|Any CPU
		{15D4EBE5-D2B5-47D8-887E-813D19549563}.Release|Any CPU.ActiveCfg = Release|Any CPU
		{15D4EBE5-D2B5-47D8-887E-813D19549563}.Release|Any CPU.Build.0 = Release|Any CPU
		{77E1A9B2-9174-4611-9206-2CA3C657D295}.Debug|Any CPU.ActiveCfg = Debug|Any CPU
		{77E1A9B2-9174-4611-9206-2CA3C657D295}.Debug|Any CPU.Build.0 = Debug|Any CPU
		{77E1A9B2-9174-4611-9206-2CA3C657D295}.Release|Any CPU.ActiveCfg = Release|Any CPU
		{77E1A9B2-9174-4611-9206-2CA3C657D295}.Release|Any CPU.Build.0 = Release|Any CPU
		{9AD03741-3385-421B-94F3-1ADD546E1F7F}.Debug|Any CPU.ActiveCfg = Debug|Any CPU
		{9AD03741-3385-421B-94F3-1ADD546E1F7F}.Debug|Any CPU.Build.0 = Debug|Any CPU
		{9AD03741-3385-421B-94F3-1ADD546E1F7F}.Release|Any CPU.ActiveCfg = Release|Any CPU
		{9AD03741-3385-421B-94F3-1ADD546E1F7F}.Release|Any CPU.Build.0 = Release|Any CPU
		{45E09FCF-56C2-4E71-A43A-3551FACAF457}.Debug|Any CPU.ActiveCfg = Debug|Any CPU
		{45E09FCF-56C2-4E71-A43A-3551FACAF457}.Debug|Any CPU.Build.0 = Debug|Any CPU
		{45E09FCF-56C2-4E71-A43A-3551FACAF457}.Release|Any CPU.ActiveCfg = Release|Any CPU
		{45E09FCF-56C2-4E71-A43A-3551FACAF457}.Release|Any CPU.Build.0 = Release|Any CPU
	EndGlobalSection
	GlobalSection(SolutionProperties) = preSolution
		HideSolutionNode = FALSE
	EndGlobalSection
EndGlobal
